
Microsoft Visual Studio Solution File, Format Version 12.00
# Visual Studio Version 16
VisualStudioVersion = 16.0.30320.27
MinimumVisualStudioVersion = 10.0.40219.1
Project("{FAE04EC0-301F-11D3-BF4B-00C04F79EFBC}") = "Form1", "DAG2\Form1.csproj", "{5B7DD0BE-74CD-487D-A379-8678BFAEBCD4}"
EndProject
Project("{FAE04EC0-301F-11D3-BF4B-00C04F79EFBC}") = "Form2", "Form2\Form2.csproj", "{DF6AC86C-6807-4AA8-9AB9-E8860A20B706}"
EndProject
Project("{FAE04EC0-301F-11D3-BF4B-00C04F79EFBC}") = "Form3", "Form3\Form3.csproj", "{AC6AA601-D4DB-4ECE-8D7F-919641EEF533}"
EndProject
Project("{FAE04EC0-301F-11D3-BF4B-00C04F79EFBC}") = "form4", "form4\form4.csproj", "{13E54765-A588-4089-B826-2BE75525609C}"
EndProject
Project("{FAE04EC0-301F-11D3-BF4B-00C04F79EFBC}") = "Form5", "Form5\Form5.csproj", "{61314979-8BCC-46D3-879B-FBF2AF875AA0}"
EndProject
Global
	GlobalSection(SolutionConfigurationPlatforms) = preSolution
		Debug|Any CPU = Debug|Any CPU
		Release|Any CPU = Release|Any CPU
	EndGlobalSection
	GlobalSection(ProjectConfigurationPlatforms) = postSolution
		{5B7DD0BE-74CD-487D-A379-8678BFAEBCD4}.Debug|Any CPU.ActiveCfg = Debug|Any CPU
		{5B7DD0BE-74CD-487D-A379-8678BFAEBCD4}.Debug|Any CPU.Build.0 = Debug|Any CPU
		{5B7DD0BE-74CD-487D-A379-8678BFAEBCD4}.Release|Any CPU.ActiveCfg = Release|Any CPU
		{5B7DD0BE-74CD-487D-A379-8678BFAEBCD4}.Release|Any CPU.Build.0 = Release|Any CPU
		{DF6AC86C-6807-4AA8-9AB9-E8860A20B706}.Debug|Any CPU.ActiveCfg = Debug|Any CPU
		{DF6AC86C-6807-4AA8-9AB9-E8860A20B706}.Debug|Any CPU.Build.0 = Debug|Any CPU
		{DF6AC86C-6807-4AA8-9AB9-E8860A20B706}.Release|Any CPU.ActiveCfg = Release|Any CPU
		{DF6AC86C-6807-4AA8-9AB9-E8860A20B706}.Release|Any CPU.Build.0 = Release|Any CPU
		{AC6AA601-D4DB-4ECE-8D7F-919641EEF533}.Debug|Any CPU.ActiveCfg = Debug|Any CPU
		{AC6AA601-D4DB-4ECE-8D7F-919641EEF533}.Debug|Any CPU.Build.0 = Debug|Any CPU
		{AC6AA601-D4DB-4ECE-8D7F-919641EEF533}.Release|Any CPU.ActiveCfg = Release|Any CPU
		{AC6AA601-D4DB-4ECE-8D7F-919641EEF533}.Release|Any CPU.Build.0 = Release|Any CPU
		{13E54765-A588-4089-B826-2BE75525609C}.Debug|Any CPU.ActiveCfg = Debug|Any CPU
		{13E54765-A588-4089-B826-2BE75525609C}.Debug|Any CPU.Build.0 = Debug|Any CPU
		{13E54765-A588-4089-B826-2BE75525609C}.Release|Any CPU.ActiveCfg = Release|Any CPU
		{13E54765-A588-4089-B826-2BE75525609C}.Release|Any CPU.Build.0 = Release|Any CPU
		{61314979-8BCC-46D3-879B-FBF2AF875AA0}.Debug|Any CPU.ActiveCfg = Debug|Any CPU
		{61314979-8BCC-46D3-879B-FBF2AF875AA0}.Debug|Any CPU.Build.0 = Debug|Any CPU
		{61314979-8BCC-46D3-879B-FBF2AF875AA0}.Release|Any CPU.ActiveCfg = Release|Any CPU
		{61314979-8BCC-46D3-879B-FBF2AF875AA0}.Release|Any CPU.Build.0 = Release|Any CPU
	EndGlobalSection
	GlobalSection(SolutionProperties) = preSolution
		HideSolutionNode = FALSE
	EndGlobalSection
	GlobalSection(ExtensibilityGlobals) = postSolution
		SolutionGuid = {751C2D0A-8819-4971-A7A7-F56341903871}
	EndGlobalSection
EndGlobal
